
Microsoft Visual Studio Solution File, Format Version 12.00
# Visual Studio 2013
VisualStudioVersion = 12.0.31101.0
MinimumVisualStudioVersion = 10.0.40219.1
Project("{FAE04EC0-301F-11D3-BF4B-00C04F79EFBC}") = "TwitchSharp", "TwitchSharp\TwitchSharp.csproj", "{B78CB511-9E92-4E84-9310-00C16C8A9B88}"
EndProject
Project("{FAE04EC0-301F-11D3-BF4B-00C04F79EFBC}") = "TwitchSharpTest", "TwitchSharpTest\TwitchSharpTest.csproj", "{0A4D9F17-7CA6-4963-85C8-C65474EEE6E2}"
	ProjectSection(ProjectDependencies) = postProject
		{B78CB511-9E92-4E84-9310-00C16C8A9B88} = {B78CB511-9E92-4E84-9310-00C16C8A9B88}
	EndProjectSection
EndProject
Global
	GlobalSection(SolutionConfigurationPlatforms) = preSolution
		Debug|Any CPU = Debug|Any CPU
		Release|Any CPU = Release|Any CPU
	EndGlobalSection
	GlobalSection(ProjectConfigurationPlatforms) = postSolution
		{B78CB511-9E92-4E84-9310-00C16C8A9B88}.Debug|Any CPU.ActiveCfg = Debug|Any CPU
		{B78CB511-9E92-4E84-9310-00C16C8A9B88}.Debug|Any CPU.Build.0 = Debug|Any CPU
		{B78CB511-9E92-4E84-9310-00C16C8A9B88}.Release|Any CPU.ActiveCfg = Release|Any CPU
		{B78CB511-9E92-4E84-9310-00C16C8A9B88}.Release|Any CPU.Build.0 = Release|Any CPU
		{0A4D9F17-7CA6-4963-85C8-C65474EEE6E2}.Debug|Any CPU.ActiveCfg = Debug|Any CPU
		{0A4D9F17-7CA6-4963-85C8-C65474EEE6E2}.Debug|Any CPU.Build.0 = Debug|Any CPU
		{0A4D9F17-7CA6-4963-85C8-C65474EEE6E2}.Release|Any CPU.ActiveCfg = Release|Any CPU
		{0A4D9F17-7CA6-4963-85C8-C65474EEE6E2}.Release|Any CPU.Build.0 = Release|Any CPU
	EndGlobalSection
	GlobalSection(SolutionProperties) = preSolution
		HideSolutionNode = FALSE
	EndGlobalSection
EndGlobal
